
Microsoft Visual Studio Solution File, Format Version 12.00
Project("{FAE04EC0-301F-11D3-BF4B-00C04F79EFBC}") = "BlockSearch.TestConsole", "BlockSearch.TestConsole\BlockSearch.TestConsole.csproj", "{5A93F6BF-2A07-4DA4-B2D4-EECE60144D5B}"
EndProject
Project("{FAE04EC0-301F-11D3-BF4B-00C04F79EFBC}") = "BlockSearch.Avalonia", "BlockSearch.Avalonia\BlockSearch.Avalonia.csproj", "{CABF9AC2-83EE-4500-A557-73D90C03F4D2}"
EndProject
Project("{FAE04EC0-301F-11D3-BF4B-00C04F79EFBC}") = "BlockSearch.Database", "BlockSearch.Database\BlockSearch.Database.csproj", "{D418865D-7CD3-41E7-B373-E207D71990D3}"
EndProject
Project("{FAE04EC0-301F-11D3-BF4B-00C04F79EFBC}") = "BlockSearch.Internal", "BlockSearch.Internal\BlockSearch.Internal.csproj", "{BA71E5B0-993C-449D-A03B-A89492958C61}"
EndProject
Global
	GlobalSection(SolutionConfigurationPlatforms) = preSolution
		Debug|Any CPU = Debug|Any CPU
		Release|Any CPU = Release|Any CPU
	EndGlobalSection
	GlobalSection(ProjectConfigurationPlatforms) = postSolution
		{5A93F6BF-2A07-4DA4-B2D4-EECE60144D5B}.Debug|Any CPU.ActiveCfg = Debug|Any CPU
		{5A93F6BF-2A07-4DA4-B2D4-EECE60144D5B}.Debug|Any CPU.Build.0 = Debug|Any CPU
		{5A93F6BF-2A07-4DA4-B2D4-EECE60144D5B}.Release|Any CPU.ActiveCfg = Release|Any CPU
		{5A93F6BF-2A07-4DA4-B2D4-EECE60144D5B}.Release|Any CPU.Build.0 = Release|Any CPU
		{CABF9AC2-83EE-4500-A557-73D90C03F4D2}.Debug|Any CPU.ActiveCfg = Debug|Any CPU
		{CABF9AC2-83EE-4500-A557-73D90C03F4D2}.Debug|Any CPU.Build.0 = Debug|Any CPU
		{CABF9AC2-83EE-4500-A557-73D90C03F4D2}.Release|Any CPU.ActiveCfg = Release|Any CPU
		{CABF9AC2-83EE-4500-A557-73D90C03F4D2}.Release|Any CPU.Build.0 = Release|Any CPU
		{D418865D-7CD3-41E7-B373-E207D71990D3}.Debug|Any CPU.ActiveCfg = Debug|Any CPU
		{D418865D-7CD3-41E7-B373-E207D71990D3}.Debug|Any CPU.Build.0 = Debug|Any CPU
		{D418865D-7CD3-41E7-B373-E207D71990D3}.Release|Any CPU.ActiveCfg = Release|Any CPU
		{D418865D-7CD3-41E7-B373-E207D71990D3}.Release|Any CPU.Build.0 = Release|Any CPU
		{BA71E5B0-993C-449D-A03B-A89492958C61}.Debug|Any CPU.ActiveCfg = Debug|Any CPU
		{BA71E5B0-993C-449D-A03B-A89492958C61}.Debug|Any CPU.Build.0 = Debug|Any CPU
		{BA71E5B0-993C-449D-A03B-A89492958C61}.Release|Any CPU.ActiveCfg = Release|Any CPU
		{BA71E5B0-993C-449D-A03B-A89492958C61}.Release|Any CPU.Build.0 = Release|Any CPU
	EndGlobalSection
EndGlobal
